
Microsoft Visual Studio Solution File, Format Version 12.00
# Visual Studio 15
Project("{2150E333-8FDC-42A3-9474-1A3956D46DE8}") = "CMakePredefinedTargets", "CMakePredefinedTargets", "{FE615A8E-03B6-3814-94B1-D80ECE0BBA10}"
EndProject
Project("{2150E333-8FDC-42A3-9474-1A3956D46DE8}") = "External", "External", "{EDE35915-1885-3378-9AF4-D3A132235492}"
EndProject
Project("{2150E333-8FDC-42A3-9474-1A3956D46DE8}") = "Internal", "Internal", "{99CADF1F-B42B-3F94-9F1A-4A15E040FC49}"
EndProject
Project("{8BC9CEB8-8B4A-11D0-8D11-00A0C91BC942}") = "ALL_BUILD", "ALL_BUILD.vcxproj", "{35AD3230-5802-3FB6-A37E-606EB0A394FC}"
	ProjectSection(ProjectDependencies) = postProject
		{325C97BC-B7BD-3F46-BC13-6313B7566B41} = {325C97BC-B7BD-3F46-BC13-6313B7566B41}
		{22BD1F1C-EDB3-3640-8C72-72742148489A} = {22BD1F1C-EDB3-3640-8C72-72742148489A}
		{E95DC3C5-DACA-37F6-8920-349F364C89B7} = {E95DC3C5-DACA-37F6-8920-349F364C89B7}
		{E70327AA-E9AA-3D47-8B54-C894D4C2B16E} = {E70327AA-E9AA-3D47-8B54-C894D4C2B16E}
		{D29E5554-F006-3872-A167-0E03C9940B5C} = {D29E5554-F006-3872-A167-0E03C9940B5C}
		{0A03AC78-F2EB-3F5B-A750-1C2B8B9579A0} = {0A03AC78-F2EB-3F5B-A750-1C2B8B9579A0}
		{913AE18E-AE33-3D78-A006-B3F5F64832F0} = {913AE18E-AE33-3D78-A006-B3F5F64832F0}
		{E99991B7-D5EC-3D53-9CEB-B8B3CD05E130} = {E99991B7-D5EC-3D53-9CEB-B8B3CD05E130}
		{2674E59C-5900-3111-BE2B-614226925D94} = {2674E59C-5900-3111-BE2B-614226925D94}
		{0F2CAE81-C687-387A-B761-75950B6803BD} = {0F2CAE81-C687-387A-B761-75950B6803BD}
		{5D98847A-095A-3D55-9067-5ECC8AF2CF9D} = {5D98847A-095A-3D55-9067-5ECC8AF2CF9D}
		{D5B90A90-6DF9-3939-ADE0-3A8C37046546} = {D5B90A90-6DF9-3939-ADE0-3A8C37046546}
		{91CDA890-C413-31AF-BA83-AF0C9378FEB1} = {91CDA890-C413-31AF-BA83-AF0C9378FEB1}
	EndProjectSection
EndProject
Project("{8BC9CEB8-8B4A-11D0-8D11-00A0C91BC942}") = "ZERO_CHECK", "..\..\..\\ZERO_CHECK.vcxproj", "{325C97BC-B7BD-3F46-BC13-6313B7566B41}"
	ProjectSection(ProjectDependencies) = postProject
	EndProjectSection
EndProject
Project("{8BC9CEB8-8B4A-11D0-8D11-00A0C91BC942}") = "cocos2d", "cocos2d.vcxproj", "{22BD1F1C-EDB3-3640-8C72-72742148489A}"
	ProjectSection(ProjectDependencies) = postProject
		{325C97BC-B7BD-3F46-BC13-6313B7566B41} = {325C97BC-B7BD-3F46-BC13-6313B7566B41}
		{E95DC3C5-DACA-37F6-8920-349F364C89B7} = {E95DC3C5-DACA-37F6-8920-349F364C89B7}
		{E70327AA-E9AA-3D47-8B54-C894D4C2B16E} = {E70327AA-E9AA-3D47-8B54-C894D4C2B16E}
		{D29E5554-F006-3872-A167-0E03C9940B5C} = {D29E5554-F006-3872-A167-0E03C9940B5C}
		{0A03AC78-F2EB-3F5B-A750-1C2B8B9579A0} = {0A03AC78-F2EB-3F5B-A750-1C2B8B9579A0}
		{913AE18E-AE33-3D78-A006-B3F5F64832F0} = {913AE18E-AE33-3D78-A006-B3F5F64832F0}
		{E99991B7-D5EC-3D53-9CEB-B8B3CD05E130} = {E99991B7-D5EC-3D53-9CEB-B8B3CD05E130}
		{2674E59C-5900-3111-BE2B-614226925D94} = {2674E59C-5900-3111-BE2B-614226925D94}
		{0F2CAE81-C687-387A-B761-75950B6803BD} = {0F2CAE81-C687-387A-B761-75950B6803BD}
		{5D98847A-095A-3D55-9067-5ECC8AF2CF9D} = {5D98847A-095A-3D55-9067-5ECC8AF2CF9D}
		{D5B90A90-6DF9-3939-ADE0-3A8C37046546} = {D5B90A90-6DF9-3939-ADE0-3A8C37046546}
		{91CDA890-C413-31AF-BA83-AF0C9378FEB1} = {91CDA890-C413-31AF-BA83-AF0C9378FEB1}
	EndProjectSection
EndProject
Project("{8BC9CEB8-8B4A-11D0-8D11-00A0C91BC942}") = "ext_clipper", "..\..\external\clipper\ext_clipper.vcxproj", "{E95DC3C5-DACA-37F6-8920-349F364C89B7}"
	ProjectSection(ProjectDependencies) = postProject
		{325C97BC-B7BD-3F46-BC13-6313B7566B41} = {325C97BC-B7BD-3F46-BC13-6313B7566B41}
	EndProjectSection
EndProject
Project("{8BC9CEB8-8B4A-11D0-8D11-00A0C91BC942}") = "ext_convertUTF", "..\..\external\ConvertUTF\ext_convertUTF.vcxproj", "{E70327AA-E9AA-3D47-8B54-C894D4C2B16E}"
	ProjectSection(ProjectDependencies) = postProject
		{325C97BC-B7BD-3F46-BC13-6313B7566B41} = {325C97BC-B7BD-3F46-BC13-6313B7566B41}
	EndProjectSection
EndProject
Project("{8BC9CEB8-8B4A-11D0-8D11-00A0C91BC942}") = "ext_edtaa3func", "..\..\external\edtaa3func\ext_edtaa3func.vcxproj", "{D29E5554-F006-3872-A167-0E03C9940B5C}"
	ProjectSection(ProjectDependencies) = postProject
		{325C97BC-B7BD-3F46-BC13-6313B7566B41} = {325C97BC-B7BD-3F46-BC13-6313B7566B41}
	EndProjectSection
EndProject
Project("{8BC9CEB8-8B4A-11D0-8D11-00A0C91BC942}") = "ext_md5", "..\..\external\md5\ext_md5.vcxproj", "{0A03AC78-F2EB-3F5B-A750-1C2B8B9579A0}"
	ProjectSection(ProjectDependencies) = postProject
		{325C97BC-B7BD-3F46-BC13-6313B7566B41} = {325C97BC-B7BD-3F46-BC13-6313B7566B41}
	EndProjectSection
EndProject
Project("{8BC9CEB8-8B4A-11D0-8D11-00A0C91BC942}") = "ext_poly2tri", "..\..\external\poly2tri\ext_poly2tri.vcxproj", "{913AE18E-AE33-3D78-A006-B3F5F64832F0}"
	ProjectSection(ProjectDependencies) = postProject
		{325C97BC-B7BD-3F46-BC13-6313B7566B41} = {325C97BC-B7BD-3F46-BC13-6313B7566B41}
	EndProjectSection
EndProject
Project("{8BC9CEB8-8B4A-11D0-8D11-00A0C91BC942}") = "ext_recast", "..\..\external\recast\ext_recast.vcxproj", "{E99991B7-D5EC-3D53-9CEB-B8B3CD05E130}"
	ProjectSection(ProjectDependencies) = postProject
		{325C97BC-B7BD-3F46-BC13-6313B7566B41} = {325C97BC-B7BD-3F46-BC13-6313B7566B41}
	EndProjectSection
EndProject
Project("{8BC9CEB8-8B4A-11D0-8D11-00A0C91BC942}") = "ext_tinyxml2", "..\..\external\tinyxml2\ext_tinyxml2.vcxproj", "{2674E59C-5900-3111-BE2B-614226925D94}"
	ProjectSection(ProjectDependencies) = postProject
		{325C97BC-B7BD-3F46-BC13-6313B7566B41} = {325C97BC-B7BD-3F46-BC13-6313B7566B41}
	EndProjectSection
EndProject
Project("{8BC9CEB8-8B4A-11D0-8D11-00A0C91BC942}") = "ext_unzip", "..\..\external\unzip\ext_unzip.vcxproj", "{0F2CAE81-C687-387A-B761-75950B6803BD}"
	ProjectSection(ProjectDependencies) = postProject
		{325C97BC-B7BD-3F46-BC13-6313B7566B41} = {325C97BC-B7BD-3F46-BC13-6313B7566B41}
	EndProjectSection
EndProject
Project("{8BC9CEB8-8B4A-11D0-8D11-00A0C91BC942}") = "ext_xxhash", "..\..\external\xxhash\ext_xxhash.vcxproj", "{5D98847A-095A-3D55-9067-5ECC8AF2CF9D}"
	ProjectSection(ProjectDependencies) = postProject
		{325C97BC-B7BD-3F46-BC13-6313B7566B41} = {325C97BC-B7BD-3F46-BC13-6313B7566B41}
	EndProjectSection
EndProject
Project("{8BC9CEB8-8B4A-11D0-8D11-00A0C91BC942}") = "ext_xxtea", "..\..\external\xxtea\ext_xxtea.vcxproj", "{D5B90A90-6DF9-3939-ADE0-3A8C37046546}"
	ProjectSection(ProjectDependencies) = postProject
		{325C97BC-B7BD-3F46-BC13-6313B7566B41} = {325C97BC-B7BD-3F46-BC13-6313B7566B41}
	EndProjectSection
EndProject
Project("{8BC9CEB8-8B4A-11D0-8D11-00A0C91BC942}") = "external", "..\..\external\external.vcxproj", "{91CDA890-C413-31AF-BA83-AF0C9378FEB1}"
	ProjectSection(ProjectDependencies) = postProject
		{325C97BC-B7BD-3F46-BC13-6313B7566B41} = {325C97BC-B7BD-3F46-BC13-6313B7566B41}
		{E95DC3C5-DACA-37F6-8920-349F364C89B7} = {E95DC3C5-DACA-37F6-8920-349F364C89B7}
		{E70327AA-E9AA-3D47-8B54-C894D4C2B16E} = {E70327AA-E9AA-3D47-8B54-C894D4C2B16E}
		{D29E5554-F006-3872-A167-0E03C9940B5C} = {D29E5554-F006-3872-A167-0E03C9940B5C}
		{0A03AC78-F2EB-3F5B-A750-1C2B8B9579A0} = {0A03AC78-F2EB-3F5B-A750-1C2B8B9579A0}
		{913AE18E-AE33-3D78-A006-B3F5F64832F0} = {913AE18E-AE33-3D78-A006-B3F5F64832F0}
		{E99991B7-D5EC-3D53-9CEB-B8B3CD05E130} = {E99991B7-D5EC-3D53-9CEB-B8B3CD05E130}
		{2674E59C-5900-3111-BE2B-614226925D94} = {2674E59C-5900-3111-BE2B-614226925D94}
		{0F2CAE81-C687-387A-B761-75950B6803BD} = {0F2CAE81-C687-387A-B761-75950B6803BD}
		{5D98847A-095A-3D55-9067-5ECC8AF2CF9D} = {5D98847A-095A-3D55-9067-5ECC8AF2CF9D}
		{D5B90A90-6DF9-3939-ADE0-3A8C37046546} = {D5B90A90-6DF9-3939-ADE0-3A8C37046546}
	EndProjectSection
EndProject
Global
	GlobalSection(SolutionConfigurationPlatforms) = preSolution
		Debug|Win32 = Debug|Win32
		Release|Win32 = Release|Win32
		MinSizeRel|Win32 = MinSizeRel|Win32
		RelWithDebInfo|Win32 = RelWithDebInfo|Win32
	EndGlobalSection
	GlobalSection(ProjectConfigurationPlatforms) = postSolution
		{35AD3230-5802-3FB6-A37E-606EB0A394FC}.Debug|Win32.ActiveCfg = Debug|Win32
		{35AD3230-5802-3FB6-A37E-606EB0A394FC}.Release|Win32.ActiveCfg = Release|Win32
		{35AD3230-5802-3FB6-A37E-606EB0A394FC}.MinSizeRel|Win32.ActiveCfg = MinSizeRel|Win32
		{35AD3230-5802-3FB6-A37E-606EB0A394FC}.RelWithDebInfo|Win32.ActiveCfg = RelWithDebInfo|Win32
		{325C97BC-B7BD-3F46-BC13-6313B7566B41}.Debug|Win32.ActiveCfg = Debug|Win32
		{325C97BC-B7BD-3F46-BC13-6313B7566B41}.Debug|Win32.Build.0 = Debug|Win32
		{325C97BC-B7BD-3F46-BC13-6313B7566B41}.Release|Win32.ActiveCfg = Release|Win32
		{325C97BC-B7BD-3F46-BC13-6313B7566B41}.Release|Win32.Build.0 = Release|Win32
		{325C97BC-B7BD-3F46-BC13-6313B7566B41}.MinSizeRel|Win32.ActiveCfg = MinSizeRel|Win32
		{325C97BC-B7BD-3F46-BC13-6313B7566B41}.MinSizeRel|Win32.Build.0 = MinSizeRel|Win32
		{325C97BC-B7BD-3F46-BC13-6313B7566B41}.RelWithDebInfo|Win32.ActiveCfg = RelWithDebInfo|Win32
		{325C97BC-B7BD-3F46-BC13-6313B7566B41}.RelWithDebInfo|Win32.Build.0 = RelWithDebInfo|Win32
		{22BD1F1C-EDB3-3640-8C72-72742148489A}.Debug|Win32.ActiveCfg = Debug|Win32
		{22BD1F1C-EDB3-3640-8C72-72742148489A}.Debug|Win32.Build.0 = Debug|Win32
		{22BD1F1C-EDB3-3640-8C72-72742148489A}.Release|Win32.ActiveCfg = Release|Win32
		{22BD1F1C-EDB3-3640-8C72-72742148489A}.Release|Win32.Build.0 = Release|Win32
		{22BD1F1C-EDB3-3640-8C72-72742148489A}.MinSizeRel|Win32.ActiveCfg = MinSizeRel|Win32
		{22BD1F1C-EDB3-3640-8C72-72742148489A}.MinSizeRel|Win32.Build.0 = MinSizeRel|Win32
		{22BD1F1C-EDB3-3640-8C72-72742148489A}.RelWithDebInfo|Win32.ActiveCfg = RelWithDebInfo|Win32
		{22BD1F1C-EDB3-3640-8C72-72742148489A}.RelWithDebInfo|Win32.Build.0 = RelWithDebInfo|Win32
		{E95DC3C5-DACA-37F6-8920-349F364C89B7}.Debug|Win32.ActiveCfg = Debug|Win32
		{E95DC3C5-DACA-37F6-8920-349F364C89B7}.Debug|Win32.Build.0 = Debug|Win32
		{E95DC3C5-DACA-37F6-8920-349F364C89B7}.Release|Win32.ActiveCfg = Release|Win32
		{E95DC3C5-DACA-37F6-8920-349F364C89B7}.Release|Win32.Build.0 = Release|Win32
		{E95DC3C5-DACA-37F6-8920-349F364C89B7}.MinSizeRel|Win32.ActiveCfg = MinSizeRel|Win32
		{E95DC3C5-DACA-37F6-8920-349F364C89B7}.MinSizeRel|Win32.Build.0 = MinSizeRel|Win32
		{E95DC3C5-DACA-37F6-8920-349F364C89B7}.RelWithDebInfo|Win32.ActiveCfg = RelWithDebInfo|Win32
		{E95DC3C5-DACA-37F6-8920-349F364C89B7}.RelWithDebInfo|Win32.Build.0 = RelWithDebInfo|Win32
		{E70327AA-E9AA-3D47-8B54-C894D4C2B16E}.Debug|Win32.ActiveCfg = Debug|Win32
		{E70327AA-E9AA-3D47-8B54-C894D4C2B16E}.Debug|Win32.Build.0 = Debug|Win32
		{E70327AA-E9AA-3D47-8B54-C894D4C2B16E}.Release|Win32.ActiveCfg = Release|Win32
		{E70327AA-E9AA-3D47-8B54-C894D4C2B16E}.Release|Win32.Build.0 = Release|Win32
		{E70327AA-E9AA-3D47-8B54-C894D4C2B16E}.MinSizeRel|Win32.ActiveCfg = MinSizeRel|Win32
		{E70327AA-E9AA-3D47-8B54-C894D4C2B16E}.MinSizeRel|Win32.Build.0 = MinSizeRel|Win32
		{E70327AA-E9AA-3D47-8B54-C894D4C2B16E}.RelWithDebInfo|Win32.ActiveCfg = RelWithDebInfo|Win32
		{E70327AA-E9AA-3D47-8B54-C894D4C2B16E}.RelWithDebInfo|Win32.Build.0 = RelWithDebInfo|Win32
		{D29E5554-F006-3872-A167-0E03C9940B5C}.Debug|Win32.ActiveCfg = Debug|Win32
		{D29E5554-F006-3872-A167-0E03C9940B5C}.Debug|Win32.Build.0 = Debug|Win32
		{D29E5554-F006-3872-A167-0E03C9940B5C}.Release|Win32.ActiveCfg = Release|Win32
		{D29E5554-F006-3872-A167-0E03C9940B5C}.Release|Win32.Build.0 = Release|Win32
		{D29E5554-F006-3872-A167-0E03C9940B5C}.MinSizeRel|Win32.ActiveCfg = MinSizeRel|Win32
		{D29E5554-F006-3872-A167-0E03C9940B5C}.MinSizeRel|Win32.Build.0 = MinSizeRel|Win32
		{D29E5554-F006-3872-A167-0E03C9940B5C}.RelWithDebInfo|Win32.ActiveCfg = RelWithDebInfo|Win32
		{D29E5554-F006-3872-A167-0E03C9940B5C}.RelWithDebInfo|Win32.Build.0 = RelWithDebInfo|Win32
		{0A03AC78-F2EB-3F5B-A750-1C2B8B9579A0}.Debug|Win32.ActiveCfg = Debug|Win32
		{0A03AC78-F2EB-3F5B-A750-1C2B8B9579A0}.Debug|Win32.Build.0 = Debug|Win32
		{0A03AC78-F2EB-3F5B-A750-1C2B8B9579A0}.Release|Win32.ActiveCfg = Release|Win32
		{0A03AC78-F2EB-3F5B-A750-1C2B8B9579A0}.Release|Win32.Build.0 = Release|Win32
		{0A03AC78-F2EB-3F5B-A750-1C2B8B9579A0}.MinSizeRel|Win32.ActiveCfg = MinSizeRel|Win32
		{0A03AC78-F2EB-3F5B-A750-1C2B8B9579A0}.MinSizeRel|Win32.Build.0 = MinSizeRel|Win32
		{0A03AC78-F2EB-3F5B-A750-1C2B8B9579A0}.RelWithDebInfo|Win32.ActiveCfg = RelWithDebInfo|Win32
		{0A03AC78-F2EB-3F5B-A750-1C2B8B9579A0}.RelWithDebInfo|Win32.Build.0 = RelWithDebInfo|Win32
		{913AE18E-AE33-3D78-A006-B3F5F64832F0}.Debug|Win32.ActiveCfg = Debug|Win32
		{913AE18E-AE33-3D78-A006-B3F5F64832F0}.Debug|Win32.Build.0 = Debug|Win32
		{913AE18E-AE33-3D78-A006-B3F5F64832F0}.Release|Win32.ActiveCfg = Release|Win32
		{913AE18E-AE33-3D78-A006-B3F5F64832F0}.Release|Win32.Build.0 = Release|Win32
		{913AE18E-AE33-3D78-A006-B3F5F64832F0}.MinSizeRel|Win32.ActiveCfg = MinSizeRel|Win32
		{913AE18E-AE33-3D78-A006-B3F5F64832F0}.MinSizeRel|Win32.Build.0 = MinSizeRel|Win32
		{913AE18E-AE33-3D78-A006-B3F5F64832F0}.RelWithDebInfo|Win32.ActiveCfg = RelWithDebInfo|Win32
		{913AE18E-AE33-3D78-A006-B3F5F64832F0}.RelWithDebInfo|Win32.Build.0 = RelWithDebInfo|Win32
		{E99991B7-D5EC-3D53-9CEB-B8B3CD05E130}.Debug|Win32.ActiveCfg = Debug|Win32
		{E99991B7-D5EC-3D53-9CEB-B8B3CD05E130}.Debug|Win32.Build.0 = Debug|Win32
		{E99991B7-D5EC-3D53-9CEB-B8B3CD05E130}.Release|Win32.ActiveCfg = Release|Win32
		{E99991B7-D5EC-3D53-9CEB-B8B3CD05E130}.Release|Win32.Build.0 = Release|Win32
		{E99991B7-D5EC-3D53-9CEB-B8B3CD05E130}.MinSizeRel|Win32.ActiveCfg = MinSizeRel|Win32
		{E99991B7-D5EC-3D53-9CEB-B8B3CD05E130}.MinSizeRel|Win32.Build.0 = MinSizeRel|Win32
		{E99991B7-D5EC-3D53-9CEB-B8B3CD05E130}.RelWithDebInfo|Win32.ActiveCfg = RelWithDebInfo|Win32
		{E99991B7-D5EC-3D53-9CEB-B8B3CD05E130}.RelWithDebInfo|Win32.Build.0 = RelWithDebInfo|Win32
		{2674E59C-5900-3111-BE2B-614226925D94}.Debug|Win32.ActiveCfg = Debug|Win32
		{2674E59C-5900-3111-BE2B-614226925D94}.Debug|Win32.Build.0 = Debug|Win32
		{2674E59C-5900-3111-BE2B-614226925D94}.Release|Win32.ActiveCfg = Release|Win32
		{2674E59C-5900-3111-BE2B-614226925D94}.Release|Win32.Build.0 = Release|Win32
		{2674E59C-5900-3111-BE2B-614226925D94}.MinSizeRel|Win32.ActiveCfg = MinSizeRel|Win32
		{2674E59C-5900-3111-BE2B-614226925D94}.MinSizeRel|Win32.Build.0 = MinSizeRel|Win32
		{2674E59C-5900-3111-BE2B-614226925D94}.RelWithDebInfo|Win32.ActiveCfg = RelWithDebInfo|Win32
		{2674E59C-5900-3111-BE2B-614226925D94}.RelWithDebInfo|Win32.Build.0 = RelWithDebInfo|Win32
		{0F2CAE81-C687-387A-B761-75950B6803BD}.Debug|Win32.ActiveCfg = Debug|Win32
		{0F2CAE81-C687-387A-B761-75950B6803BD}.Debug|Win32.Build.0 = Debug|Win32
		{0F2CAE81-C687-387A-B761-75950B6803BD}.Release|Win32.ActiveCfg = Release|Win32
		{0F2CAE81-C687-387A-B761-75950B6803BD}.Release|Win32.Build.0 = Release|Win32
		{0F2CAE81-C687-387A-B761-75950B6803BD}.MinSizeRel|Win32.ActiveCfg = MinSizeRel|Win32
		{0F2CAE81-C687-387A-B761-75950B6803BD}.MinSizeRel|Win32.Build.0 = MinSizeRel|Win32
		{0F2CAE81-C687-387A-B761-75950B6803BD}.RelWithDebInfo|Win32.ActiveCfg = RelWithDebInfo|Win32
		{0F2CAE81-C687-387A-B761-75950B6803BD}.RelWithDebInfo|Win32.Build.0 = RelWithDebInfo|Win32
		{5D98847A-095A-3D55-9067-5ECC8AF2CF9D}.Debug|Win32.ActiveCfg = Debug|Win32
		{5D98847A-095A-3D55-9067-5ECC8AF2CF9D}.Debug|Win32.Build.0 = Debug|Win32
		{5D98847A-095A-3D55-9067-5ECC8AF2CF9D}.Release|Win32.ActiveCfg = Release|Win32
		{5D98847A-095A-3D55-9067-5ECC8AF2CF9D}.Release|Win32.Build.0 = Release|Win32
		{5D98847A-095A-3D55-9067-5ECC8AF2CF9D}.MinSizeRel|Win32.ActiveCfg = MinSizeRel|Win32
		{5D98847A-095A-3D55-9067-5ECC8AF2CF9D}.MinSizeRel|Win32.Build.0 = MinSizeRel|Win32
		{5D98847A-095A-3D55-9067-5ECC8AF2CF9D}.RelWithDebInfo|Win32.ActiveCfg = RelWithDebInfo|Win32
		{5D98847A-095A-3D55-9067-5ECC8AF2CF9D}.RelWithDebInfo|Win32.Build.0 = RelWithDebInfo|Win32
		{D5B90A90-6DF9-3939-ADE0-3A8C37046546}.Debug|Win32.ActiveCfg = Debug|Win32
		{D5B90A90-6DF9-3939-ADE0-3A8C37046546}.Debug|Win32.Build.0 = Debug|Win32
		{D5B90A90-6DF9-3939-ADE0-3A8C37046546}.Release|Win32.ActiveCfg = Release|Win32
		{D5B90A90-6DF9-3939-ADE0-3A8C37046546}.Release|Win32.Build.0 = Release|Win32
		{D5B90A90-6DF9-3939-ADE0-3A8C37046546}.MinSizeRel|Win32.ActiveCfg = MinSizeRel|Win32
		{D5B90A90-6DF9-3939-ADE0-3A8C37046546}.MinSizeRel|Win32.Build.0 = MinSizeRel|Win32
		{D5B90A90-6DF9-3939-ADE0-3A8C37046546}.RelWithDebInfo|Win32.ActiveCfg = RelWithDebInfo|Win32
		{D5B90A90-6DF9-3939-ADE0-3A8C37046546}.RelWithDebInfo|Win32.Build.0 = RelWithDebInfo|Win32
		{91CDA890-C413-31AF-BA83-AF0C9378FEB1}.Debug|Win32.ActiveCfg = Debug|Win32
		{91CDA890-C413-31AF-BA83-AF0C9378FEB1}.Debug|Win32.Build.0 = Debug|Win32
		{91CDA890-C413-31AF-BA83-AF0C9378FEB1}.Release|Win32.ActiveCfg = Release|Win32
		{91CDA890-C413-31AF-BA83-AF0C9378FEB1}.Release|Win32.Build.0 = Release|Win32
		{91CDA890-C413-31AF-BA83-AF0C9378FEB1}.MinSizeRel|Win32.ActiveCfg = MinSizeRel|Win32
		{91CDA890-C413-31AF-BA83-AF0C9378FEB1}.MinSizeRel|Win32.Build.0 = MinSizeRel|Win32
		{91CDA890-C413-31AF-BA83-AF0C9378FEB1}.RelWithDebInfo|Win32.ActiveCfg = RelWithDebInfo|Win32
		{91CDA890-C413-31AF-BA83-AF0C9378FEB1}.RelWithDebInfo|Win32.Build.0 = RelWithDebInfo|Win32
	EndGlobalSection
	GlobalSection(NestedProjects) = preSolution
		{35AD3230-5802-3FB6-A37E-606EB0A394FC} = {FE615A8E-03B6-3814-94B1-D80ECE0BBA10}
		{325C97BC-B7BD-3F46-BC13-6313B7566B41} = {FE615A8E-03B6-3814-94B1-D80ECE0BBA10}
		{E95DC3C5-DACA-37F6-8920-349F364C89B7} = {EDE35915-1885-3378-9AF4-D3A132235492}
		{E70327AA-E9AA-3D47-8B54-C894D4C2B16E} = {EDE35915-1885-3378-9AF4-D3A132235492}
		{D29E5554-F006-3872-A167-0E03C9940B5C} = {EDE35915-1885-3378-9AF4-D3A132235492}
		{0A03AC78-F2EB-3F5B-A750-1C2B8B9579A0} = {EDE35915-1885-3378-9AF4-D3A132235492}
		{913AE18E-AE33-3D78-A006-B3F5F64832F0} = {EDE35915-1885-3378-9AF4-D3A132235492}
		{E99991B7-D5EC-3D53-9CEB-B8B3CD05E130} = {EDE35915-1885-3378-9AF4-D3A132235492}
		{2674E59C-5900-3111-BE2B-614226925D94} = {EDE35915-1885-3378-9AF4-D3A132235492}
		{0F2CAE81-C687-387A-B761-75950B6803BD} = {EDE35915-1885-3378-9AF4-D3A132235492}
		{5D98847A-095A-3D55-9067-5ECC8AF2CF9D} = {EDE35915-1885-3378-9AF4-D3A132235492}
		{D5B90A90-6DF9-3939-ADE0-3A8C37046546} = {EDE35915-1885-3378-9AF4-D3A132235492}
		{91CDA890-C413-31AF-BA83-AF0C9378FEB1} = {EDE35915-1885-3378-9AF4-D3A132235492}
		{22BD1F1C-EDB3-3640-8C72-72742148489A} = {99CADF1F-B42B-3F94-9F1A-4A15E040FC49}
	EndGlobalSection
	GlobalSection(ExtensibilityGlobals) = postSolution
		SolutionGuid = {D654C133-67A2-30D4-8230-61ADB047EB9C}
	EndGlobalSection
	GlobalSection(ExtensibilityAddIns) = postSolution
	EndGlobalSection
EndGlobal
