<?xml version="1.0" encoding="utf-8"?>
<Project ToolsVersion="15.0" xmlns="http://schemas.microsoft.com/developer/msbuild/2003">
  <ItemGroup>
    <ClCompile Include="D:\Cuc_Tinh_Y\Classes\AppDelegate.cpp">
      <Filter>Source Files\Classes</Filter>
    </ClCompile>
    <ClCompile Include="D:\Cuc_Tinh_Y\Classes\HelloWorldScene.cpp">
      <Filter>Source Files\Classes</Filter>
    </ClCompile>
    <ClCompile Include="D:\Cuc_Tinh_Y\Classes\Models\Character\Cell\CellModel.cpp">
      <Filter>Source Files\Classes\Models\Character\Cell</Filter>
    </ClCompile>
    <ClCompile Include="D:\Cuc_Tinh_Y\Classes\Models\Character\Cell\EffectCell\EffectCellModel.cpp">
      <Filter>Source Files\Classes\Models\Character\Cell\EffectCell</Filter>
    </ClCompile>
    <ClCompile Include="D:\Cuc_Tinh_Y\Classes\Models\Character\Cell\ShootingCell\Projectile\ProjectileModel.cpp">
      <Filter>Source Files\Classes\Models\Character\Cell\ShootingCell\Projectile</Filter>
    </ClCompile>
    <ClCompile Include="D:\Cuc_Tinh_Y\Classes\Models\Character\Cell\ShootingCell\Shooter\Shooter.cpp">
      <Filter>Source Files\Classes\Models\Character\Cell\ShootingCell\Shooter</Filter>
    </ClCompile>
    <ClCompile Include="D:\Cuc_Tinh_Y\Classes\Models\Character\Cell\ShootingCell\ShootingCellModel.cpp">
      <Filter>Source Files\Classes\Models\Character\Cell\ShootingCell</Filter>
    </ClCompile>
    <ClCompile Include="D:\Cuc_Tinh_Y\Classes\Models\Character\CharacterModel.cpp">
      <Filter>Source Files\Classes\Models\Character</Filter>
    </ClCompile>
    <ClCompile Include="D:\Cuc_Tinh_Y\Classes\Models\Character\Disease\DiseaseModel.cpp">
      <Filter>Source Files\Classes\Models\Character\Disease</Filter>
    </ClCompile>
    <ClCompile Include="D:\Cuc_Tinh_Y\Classes\Models\Level\LevelModel.cpp">
      <Filter>Source Files\Classes\Models\Level</Filter>
    </ClCompile>
    <ClCompile Include="D:\Cuc_Tinh_Y\Classes\Models\Wave\WaveModel.cpp">
      <Filter>Source Files\Classes\Models\Wave</Filter>
    </ClCompile>
    <ClCompile Include="D:\Cuc_Tinh_Y\Classes\Scenes\GameScene\GSControlLayer.cpp">
      <Filter>Source Files\Classes\Scenes\GameScene</Filter>
    </ClCompile>
    <ClCompile Include="D:\Cuc_Tinh_Y\Classes\Scenes\GameScene\GameScene.cpp">
      <Filter>Source Files\Classes\Scenes\GameScene</Filter>
    </ClCompile>
    <ClCompile Include="D:\Cuc_Tinh_Y\Classes\Scenes\TemplateScene\Components\TemplateComponent\TemplateComponent.cpp">
      <Filter>Source Files\Classes\Scenes\TemplateScene\Components\TemplateComponent</Filter>
    </ClCompile>
    <ClCompile Include="D:\Cuc_Tinh_Y\Classes\Scenes\TemplateScene\TemplateScene.cpp">
      <Filter>Source Files\Classes\Scenes\TemplateScene</Filter>
    </ClCompile>
    <ClCompile Include="D:\Cuc_Tinh_Y\Classes\UIObjects\UICell\UICell.cpp">
      <Filter>Source Files\Classes\UIObjects\UICell</Filter>
    </ClCompile>
    <ClCompile Include="D:\Cuc_Tinh_Y\Classes\UIObjects\UIDisease\UIDisease.cpp">
      <Filter>Source Files\Classes\UIObjects\UIDisease</Filter>
    </ClCompile>
    <ClCompile Include="D:\Cuc_Tinh_Y\Classes\UIObjects\UIObjects.cpp">
      <Filter>Source Files\Classes\UIObjects</Filter>
    </ClCompile>
    <ClCompile Include="D:\Cuc_Tinh_Y\Classes\UIObjects\UIProjectile\UIProjectile.cpp">
      <Filter>Source Files\Classes\UIObjects\UIProjectile</Filter>
    </ClCompile>
    <ClCompile Include="D:\Cuc_Tinh_Y\proj.win32\main.cpp">
      <Filter>Source Files\proj.win32</Filter>
    </ClCompile>
    <ClCompile Include="D:\Cuc_Tinh_Y\cocos2d\cocos\precheader.cpp">
      <Filter>Source Files</Filter>
    </ClCompile>
    <ClCompile Include="..\Classes\Scenes\GameScene\GSMap.cpp">
      <Filter>Source Files\Classes\Scenes\GameScene</Filter>
    </ClCompile>
  </ItemGroup>
  <ItemGroup>
    <ClInclude Include="D:\Cuc_Tinh_Y\Classes\AppDelegate.h">
      <Filter>Source Files\Classes</Filter>
    </ClInclude>
    <ClInclude Include="D:\Cuc_Tinh_Y\Classes\HelloWorldScene.h">
      <Filter>Source Files\Classes</Filter>
    </ClInclude>
    <ClInclude Include="D:\Cuc_Tinh_Y\Classes\Models\Character\Cell\CellModel.h">
      <Filter>Source Files\Classes\Models\Character\Cell</Filter>
    </ClInclude>
    <ClInclude Include="D:\Cuc_Tinh_Y\Classes\Models\Character\Cell\CellModelDefinitions.h">
      <Filter>Source Files\Classes\Models\Character\Cell</Filter>
    </ClInclude>
    <ClInclude Include="D:\Cuc_Tinh_Y\Classes\Models\Character\Cell\EffectCell\EffectCellModel.h">
      <Filter>Source Files\Classes\Models\Character\Cell\EffectCell</Filter>
    </ClInclude>
    <ClInclude Include="D:\Cuc_Tinh_Y\Classes\Models\Character\Cell\ShootingCell\Projectile\ProjectileModel.h">
      <Filter>Source Files\Classes\Models\Character\Cell\ShootingCell\Projectile</Filter>
    </ClInclude>
    <ClInclude Include="D:\Cuc_Tinh_Y\Classes\Models\Character\Cell\ShootingCell\Projectile\ProjectileModelDefinitions.h">
      <Filter>Source Files\Classes\Models\Character\Cell\ShootingCell\Projectile</Filter>
    </ClInclude>
    <ClInclude Include="D:\Cuc_Tinh_Y\Classes\Models\Character\Cell\ShootingCell\Shooter\Shooter.h">
      <Filter>Source Files\Classes\Models\Character\Cell\ShootingCell\Shooter</Filter>
    </ClInclude>
    <ClInclude Include="D:\Cuc_Tinh_Y\Classes\Models\Character\Cell\ShootingCell\ShootingCellModel.h">
      <Filter>Source Files\Classes\Models\Character\Cell\ShootingCell</Filter>
    </ClInclude>
    <ClInclude Include="D:\Cuc_Tinh_Y\Classes\Models\Character\CharacterModel.h">
      <Filter>Source Files\Classes\Models\Character</Filter>
    </ClInclude>
    <ClInclude Include="D:\Cuc_Tinh_Y\Classes\Models\Character\CharacterModelDefinitions.h">
      <Filter>Source Files\Classes\Models\Character</Filter>
    </ClInclude>
    <ClInclude Include="D:\Cuc_Tinh_Y\Classes\Models\Character\Disease\DiseaseModel.h">
      <Filter>Source Files\Classes\Models\Character\Disease</Filter>
    </ClInclude>
    <ClInclude Include="D:\Cuc_Tinh_Y\Classes\Models\Character\Disease\DiseaseModelDefinitions.h">
      <Filter>Source Files\Classes\Models\Character\Disease</Filter>
    </ClInclude>
    <ClInclude Include="D:\Cuc_Tinh_Y\Classes\Models\Level\LevelModel.h">
      <Filter>Source Files\Classes\Models\Level</Filter>
    </ClInclude>
    <ClInclude Include="D:\Cuc_Tinh_Y\Classes\Models\Level\LevelModelDefinitions.h">
      <Filter>Source Files\Classes\Models\Level</Filter>
    </ClInclude>
    <ClInclude Include="D:\Cuc_Tinh_Y\Classes\Models\Wave\WaveModel.h">
      <Filter>Source Files\Classes\Models\Wave</Filter>
    </ClInclude>
    <ClInclude Include="D:\Cuc_Tinh_Y\Classes\Models\models.h">
      <Filter>Source Files\Classes\Models</Filter>
    </ClInclude>
    <ClInclude Include="D:\Cuc_Tinh_Y\Classes\Scenes\GameScene\GSControlLayer.h">
      <Filter>Source Files\Classes\Scenes\GameScene</Filter>
    </ClInclude>
    <ClInclude Include="D:\Cuc_Tinh_Y\Classes\Scenes\GameScene\GSDefine.h">
      <Filter>Source Files\Classes\Scenes\GameScene</Filter>
    </ClInclude>
    <ClInclude Include="D:\Cuc_Tinh_Y\Classes\Scenes\GameScene\GameScene.h">
      <Filter>Source Files\Classes\Scenes\GameScene</Filter>
    </ClInclude>
    <ClInclude Include="D:\Cuc_Tinh_Y\Classes\Scenes\ScenesDefinitions.h">
      <Filter>Source Files\Classes\Scenes</Filter>
    </ClInclude>
    <ClInclude Include="D:\Cuc_Tinh_Y\Classes\Scenes\TemplateScene\Components\TemplateComponent\TemplateComponent.h">
      <Filter>Source Files\Classes\Scenes\TemplateScene\Components\TemplateComponent</Filter>
    </ClInclude>
    <ClInclude Include="D:\Cuc_Tinh_Y\Classes\Scenes\TemplateScene\TemplateScene.h">
      <Filter>Source Files\Classes\Scenes\TemplateScene</Filter>
    </ClInclude>
    <ClInclude Include="D:\Cuc_Tinh_Y\Classes\Scenes\TemplateScene\TemplateSceneDefinitions.h">
      <Filter>Source Files\Classes\Scenes\TemplateScene</Filter>
    </ClInclude>
    <ClInclude Include="D:\Cuc_Tinh_Y\Classes\UIObjects\UICell\UICell.h">
      <Filter>Source Files\Classes\UIObjects\UICell</Filter>
    </ClInclude>
    <ClInclude Include="D:\Cuc_Tinh_Y\Classes\UIObjects\UICell\UICellDefinitions.h">
      <Filter>Source Files\Classes\UIObjects\UICell</Filter>
    </ClInclude>
    <ClInclude Include="D:\Cuc_Tinh_Y\Classes\UIObjects\UIDisease\UIDisease.h">
      <Filter>Source Files\Classes\UIObjects\UIDisease</Filter>
    </ClInclude>
    <ClInclude Include="D:\Cuc_Tinh_Y\Classes\UIObjects\UIDisease\UIDiseaseDefinitions.h">
      <Filter>Source Files\Classes\UIObjects\UIDisease</Filter>
    </ClInclude>
    <ClInclude Include="D:\Cuc_Tinh_Y\Classes\UIObjects\UIObjects.h">
      <Filter>Source Files\Classes\UIObjects</Filter>
    </ClInclude>
    <ClInclude Include="D:\Cuc_Tinh_Y\Classes\UIObjects\UIObjectsDefinitions.h">
      <Filter>Source Files\Classes\UIObjects</Filter>
    </ClInclude>
    <ClInclude Include="D:\Cuc_Tinh_Y\Classes\UIObjects\UIProjectile\UIProjectile.h">
      <Filter>Source Files\Classes\UIObjects\UIProjectile</Filter>
    </ClInclude>
    <ClInclude Include="D:\Cuc_Tinh_Y\Classes\UIObjects\UIProjectile\UIProjectileDefinitions.h">
      <Filter>Source Files\Classes\UIObjects\UIProjectile</Filter>
    </ClInclude>
    <ClInclude Include="D:\Cuc_Tinh_Y\Classes\UIObjects\uiobj.h">
      <Filter>Source Files\Classes\UIObjects</Filter>
    </ClInclude>
    <ClInclude Include="D:\Cuc_Tinh_Y\proj.win32\main.h">
      <Filter>Source Files\proj.win32</Filter>
    </ClInclude>
    <ClInclude Include="D:\Cuc_Tinh_Y\proj.win32\resource.h">
      <Filter>Source Files\proj.win32</Filter>
    </ClInclude>
    <ClInclude Include="D:\Cuc_Tinh_Y\Resources\CloseNormal.png">
      <Filter>Resources</Filter>
    </ClInclude>
    <ClInclude Include="D:\Cuc_Tinh_Y\Resources\CloseSelected.png">
      <Filter>Resources</Filter>
    </ClInclude>
    <ClInclude Include="D:\Cuc_Tinh_Y\Resources\HelloWorld.png">
      <Filter>Resources</Filter>
    </ClInclude>
    <ClInclude Include="D:\Cuc_Tinh_Y\Resources\audio\hello_world.png">
      <Filter>Resources\audio</Filter>
    </ClInclude>
    <ClInclude Include="D:\Cuc_Tinh_Y\Resources\fonts\Marker Felt.ttf">
      <Filter>Resources\fonts</Filter>
    </ClInclude>
    <ClInclude Include="D:\Cuc_Tinh_Y\Resources\fonts\arial.ttf">
      <Filter>Resources\fonts</Filter>
    </ClInclude>
    <ClInclude Include="D:\Cuc_Tinh_Y\Resources\res\.gitkeep">
      <Filter>Resources\res</Filter>
    </ClInclude>
    <ClInclude Include="D:\Cuc_Tinh_Y\Resources\sprites\hello_world.png">
      <Filter>Resources\sprites</Filter>
    </ClInclude>
    <ClInclude Include="D:\Cuc_Tinh_Y\Resources\sprites\objects\cell\cell_00.png">
      <Filter>Resources\sprites\objects\cell</Filter>
    </ClInclude>
    <ClInclude Include="D:\Cuc_Tinh_Y\Resources\sprites\objects\disease\disease_00.png">
      <Filter>Resources\sprites\objects\disease</Filter>
    </ClInclude>
    <ClInclude Include="D:\Cuc_Tinh_Y\Resources\sprites\objects\projectile\cell_00_projectile.png">
      <Filter>Resources\sprites\objects\projectile</Filter>
    </ClInclude>
    <ClInclude Include="..\Classes\Scenes\GameScene\GSMap.h">
      <Filter>Source Files\Classes\Scenes\GameScene</Filter>
    </ClInclude>
  </ItemGroup>
  <ItemGroup>
    <CustomBuild Include="D:\Cuc_Tinh_Y\CMakeLists.txt" />
  </ItemGroup>
  <ItemGroup>
    <ResourceCompile Include="D:\Cuc_Tinh_Y\proj.win32\game.rc">
      <Filter>Source Files\proj.win32</Filter>
    </ResourceCompile>
  </ItemGroup>
  <ItemGroup>
    <Filter Include="Resources">
      <UniqueIdentifier>{D77334A3-B7B5-39C9-8AEE-A7CD93A4EBD8}</UniqueIdentifier>
    </Filter>
    <Filter Include="Resources\audio">
      <UniqueIdentifier>{E96ABC20-EA22-3D2C-B80A-65E79E2AD748}</UniqueIdentifier>
    </Filter>
    <Filter Include="Resources\fonts">
      <UniqueIdentifier>{2127127F-1529-3B35-93C0-BFCBB1EBA567}</UniqueIdentifier>
    </Filter>
    <Filter Include="Resources\res">
      <UniqueIdentifier>{9518D20E-F76B-33F3-ACE0-67EB729092EA}</UniqueIdentifier>
    </Filter>
    <Filter Include="Resources\sprites">
      <UniqueIdentifier>{6061C089-9062-3410-ADB5-DD57686FA897}</UniqueIdentifier>
    </Filter>
    <Filter Include="Resources\sprites\objects">
      <UniqueIdentifier>{1C55A7C3-669B-386B-8976-69AE9F7DBD7F}</UniqueIdentifier>
    </Filter>
    <Filter Include="Resources\sprites\objects\cell">
      <UniqueIdentifier>{17EDB827-4E03-3F8E-8C1E-C19318EB5F06}</UniqueIdentifier>
    </Filter>
    <Filter Include="Resources\sprites\objects\disease">
      <UniqueIdentifier>{DAB411A2-1042-3E81-8E92-14B6A7904412}</UniqueIdentifier>
    </Filter>
    <Filter Include="Resources\sprites\objects\projectile">
      <UniqueIdentifier>{44556886-5000-3B7F-8F0D-2F5DF72EACB6}</UniqueIdentifier>
    </Filter>
    <Filter Include="Source Files">
      <UniqueIdentifier>{EC8CCF2C-3418-3E83-98C3-FBC9DA180D26}</UniqueIdentifier>
    </Filter>
    <Filter Include="Source Files\Classes">
      <UniqueIdentifier>{103741A7-ECE8-3299-8626-228BD88C8629}</UniqueIdentifier>
    </Filter>
    <Filter Include="Source Files\Classes\Models">
      <UniqueIdentifier>{959DBE6D-AFB3-3BB5-8C41-B8FFE1FE737B}</UniqueIdentifier>
    </Filter>
    <Filter Include="Source Files\Classes\Models\Character">
      <UniqueIdentifier>{891D5494-E978-32CE-9099-34C6B47044E4}</UniqueIdentifier>
    </Filter>
    <Filter Include="Source Files\Classes\Models\Character\Cell">
      <UniqueIdentifier>{255978CD-9228-38E8-A9CF-001CDC9AB067}</UniqueIdentifier>
    </Filter>
    <Filter Include="Source Files\Classes\Models\Character\Cell\EffectCell">
      <UniqueIdentifier>{4C5D1CA8-3CE5-3D53-90C5-6E2B424AC8EF}</UniqueIdentifier>
    </Filter>
    <Filter Include="Source Files\Classes\Models\Character\Cell\ShootingCell">
      <UniqueIdentifier>{E5C6C15A-47AC-3E02-BD5A-595B75210636}</UniqueIdentifier>
    </Filter>
    <Filter Include="Source Files\Classes\Models\Character\Cell\ShootingCell\Projectile">
      <UniqueIdentifier>{0E39B636-2DA6-3C48-9C42-5F7D3FBFE879}</UniqueIdentifier>
    </Filter>
    <Filter Include="Source Files\Classes\Models\Character\Cell\ShootingCell\Shooter">
      <UniqueIdentifier>{85046066-3459-3BBC-A14C-F81890BB0F21}</UniqueIdentifier>
    </Filter>
    <Filter Include="Source Files\Classes\Models\Character\Disease">
      <UniqueIdentifier>{00254229-3107-3C4B-9DCD-CD07072483E6}</UniqueIdentifier>
    </Filter>
    <Filter Include="Source Files\Classes\Models\Level">
      <UniqueIdentifier>{3E399FA0-7BE4-3509-88F2-2F75E687B12F}</UniqueIdentifier>
    </Filter>
    <Filter Include="Source Files\Classes\Models\Wave">
      <UniqueIdentifier>{DF68394D-98A7-374B-94CB-61F1E65FCA87}</UniqueIdentifier>
    </Filter>
    <Filter Include="Source Files\Classes\Scenes">
      <UniqueIdentifier>{628C075B-F0A5-3478-94AA-A5871B62A8DC}</UniqueIdentifier>
    </Filter>
    <Filter Include="Source Files\Classes\Scenes\GameScene">
      <UniqueIdentifier>{771DB935-B09F-364A-847D-8510FCC317F2}</UniqueIdentifier>
    </Filter>
    <Filter Include="Source Files\Classes\Scenes\TemplateScene">
      <UniqueIdentifier>{E71ABC29-0405-3163-A79C-242663ABD870}</UniqueIdentifier>
    </Filter>
    <Filter Include="Source Files\Classes\Scenes\TemplateScene\Components">
      <UniqueIdentifier>{234627EB-2326-3BC5-AD40-4E1B0046C364}</UniqueIdentifier>
    </Filter>
    <Filter Include="Source Files\Classes\Scenes\TemplateScene\Components\TemplateComponent">
      <UniqueIdentifier>{BFAEC22A-A9D2-3243-B388-DB251B45A8A3}</UniqueIdentifier>
    </Filter>
    <Filter Include="Source Files\Classes\UIObjects">
      <UniqueIdentifier>{96ACDBC3-9F20-3382-849B-1D64DC6BF203}</UniqueIdentifier>
    </Filter>
    <Filter Include="Source Files\Classes\UIObjects\UICell">
      <UniqueIdentifier>{BEAB3423-8D63-3D4E-BB39-B1EF64697C6A}</UniqueIdentifier>
    </Filter>
    <Filter Include="Source Files\Classes\UIObjects\UIDisease">
      <UniqueIdentifier>{3A0578C5-EAA4-36AE-9468-FE44F41B504D}</UniqueIdentifier>
    </Filter>
    <Filter Include="Source Files\Classes\UIObjects\UIProjectile">
      <UniqueIdentifier>{721BEB63-0E3B-3F92-A68D-5C26C850E41D}</UniqueIdentifier>
    </Filter>
    <Filter Include="Source Files\proj.win32">
      <UniqueIdentifier>{7AED2B89-6462-312C-880A-F10B38CB4F4B}</UniqueIdentifier>
    </Filter>
    <Filter Include="Resources\sprites\InformationLayer">
      <UniqueIdentifier>{83fa6b11-a10b-477c-a575-10534168fd04}</UniqueIdentifier>
    </Filter>
  </ItemGroup>
  <ItemGroup>
    <Image Include="..\Resources\sprites\InformationLayer\diamond.png">
      <Filter>Resources\sprites\InformationLayer</Filter>
    </Image>
    <Image Include="..\Resources\sprites\InformationLayer\energy.png">
      <Filter>Resources\sprites\InformationLayer</Filter>
    </Image>
    <Image Include="..\Resources\sprites\InformationLayer\gold.png">
      <Filter>Resources\sprites\InformationLayer</Filter>
    </Image>
    <Image Include="..\Resources\sprites\InformationLayer\sky_2.png">
      <Filter>Resources\sprites\InformationLayer</Filter>
    </Image>
    <Image Include="..\Resources\sprites\InformationLayer\black.png">
      <Filter>Resources\sprites\InformationLayer</Filter>
    </Image>
    <Image Include="..\Resources\sprites\InformationLayer\sky_1.png">
      <Filter>Resources\sprites\InformationLayer</Filter>
    </Image>
    <Image Include="..\Resources\sprites\InformationLayer\khonggian.png">
      <Filter>Resources\sprites\InformationLayer</Filter>
    </Image>
  </ItemGroup>
</Project>