<?xml version="1.0" encoding="utf-8"?>
<Project ToolsVersion="15.0" xmlns="http://schemas.microsoft.com/developer/msbuild/2003">
  <ItemGroup>
    <ClCompile Include="D:\Based Subject\Gameloft Internship\Project\BloodyPenguins\Classes\AppDelegate.cpp">
      <Filter>Source Files\Classes</Filter>
    </ClCompile>
    <ClCompile Include="D:\Based Subject\Gameloft Internship\Project\BloodyPenguins\Classes\HelloWorldScene.cpp">
      <Filter>Source Files\Classes</Filter>
    </ClCompile>
    <ClCompile Include="D:\Based Subject\Gameloft Internship\Project\BloodyPenguins\proj.win32\main.cpp">
      <Filter>Source Files\proj.win32</Filter>
    </ClCompile>
    <ClCompile Include="D:\Based Subject\Gameloft Internship\Project\BloodyPenguins\cocos2d\cocos\precheader.cpp">
      <Filter>Source Files</Filter>
    </ClCompile>
  </ItemGroup>
  <ItemGroup>
    <ClInclude Include="D:\Based Subject\Gameloft Internship\Project\BloodyPenguins\Classes\AppDelegate.h">
      <Filter>Source Files\Classes</Filter>
    </ClInclude>
    <ClInclude Include="D:\Based Subject\Gameloft Internship\Project\BloodyPenguins\Classes\HelloWorldScene.h">
      <Filter>Source Files\Classes</Filter>
    </ClInclude>
    <ClInclude Include="D:\Based Subject\Gameloft Internship\Project\BloodyPenguins\proj.win32\main.h">
      <Filter>Source Files\proj.win32</Filter>
    </ClInclude>
    <ClInclude Include="D:\Based Subject\Gameloft Internship\Project\BloodyPenguins\proj.win32\resource.h">
      <Filter>Source Files\proj.win32</Filter>
    </ClInclude>
    <ClInclude Include="D:\Based Subject\Gameloft Internship\Project\BloodyPenguins\Resources\CloseNormal.png">
      <Filter>Resources</Filter>
    </ClInclude>
    <ClInclude Include="D:\Based Subject\Gameloft Internship\Project\BloodyPenguins\Resources\CloseSelected.png">
      <Filter>Resources</Filter>
    </ClInclude>
    <ClInclude Include="D:\Based Subject\Gameloft Internship\Project\BloodyPenguins\Resources\HelloWorld.png">
      <Filter>Resources</Filter>
    </ClInclude>
    <ClInclude Include="D:\Based Subject\Gameloft Internship\Project\BloodyPenguins\Resources\fonts\Marker Felt.ttf">
      <Filter>Resources\fonts</Filter>
    </ClInclude>
    <ClInclude Include="D:\Based Subject\Gameloft Internship\Project\BloodyPenguins\Resources\fonts\arial.ttf">
      <Filter>Resources\fonts</Filter>
    </ClInclude>
    <ClInclude Include="D:\Based Subject\Gameloft Internship\Project\BloodyPenguins\Resources\res\.gitkeep">
      <Filter>Resources\res</Filter>
    </ClInclude>
  </ItemGroup>
  <ItemGroup>
    <CustomBuild Include="D:\Based Subject\Gameloft Internship\Project\BloodyPenguins\CMakeLists.txt" />
  </ItemGroup>
  <ItemGroup>
    <ResourceCompile Include="D:\Based Subject\Gameloft Internship\Project\BloodyPenguins\proj.win32\game.rc">
      <Filter>Source Files\proj.win32</Filter>
    </ResourceCompile>
  </ItemGroup>
  <ItemGroup>
    <Filter Include="Resources">
      <UniqueIdentifier>{A59D74E8-4523-3382-85A2-C2BCE1072DAA}</UniqueIdentifier>
    </Filter>
    <Filter Include="Resources\fonts">
      <UniqueIdentifier>{080A4526-F15E-3095-9FC0-92882D762C9A}</UniqueIdentifier>
    </Filter>
    <Filter Include="Resources\res">
      <UniqueIdentifier>{0CE0D91D-4869-3301-A981-FBB53F59BB4F}</UniqueIdentifier>
    </Filter>
    <Filter Include="Source Files">
      <UniqueIdentifier>{5293204C-5FFB-3B9E-831D-6FF822FFF501}</UniqueIdentifier>
    </Filter>
    <Filter Include="Source Files\Classes">
      <UniqueIdentifier>{6331C04A-ABAF-3C73-A006-6AC978C64011}</UniqueIdentifier>
    </Filter>
    <Filter Include="Source Files\proj.win32">
      <UniqueIdentifier>{14E78E86-3158-3B0F-B7C3-F2DB60608B9F}</UniqueIdentifier>
    </Filter>
  </ItemGroup>
</Project>
