<?xml version="1.0" encoding="utf-8"?>
<Project ToolsVersion="15.0" xmlns="http://schemas.microsoft.com/developer/msbuild/2003">
  <ItemGroup>
    <CustomBuild Include="D:\Cuc_Tinh_Y\win32-build\CMakeFiles\0b009bc746107b18796295b524d66d3f\SYNC_RESOURCE-BloodyPenguins.rule">
      <Filter>CMake Rules</Filter>
    </CustomBuild>
    <CustomBuild Include="D:\Cuc_Tinh_Y\CMakeLists.txt" />
  </ItemGroup>
  <ItemGroup>
    <None Include="D:\Cuc_Tinh_Y\win32-build\CMakeFiles\SYNC_RESOURCE-BloodyPenguins" />
  </ItemGroup>
  <ItemGroup>
    <Filter Include="CMake Rules">
      <UniqueIdentifier>{0C041DF4-82CE-39D8-B71C-2BB03D26A3FB}</UniqueIdentifier>
    </Filter>
  </ItemGroup>
</Project>
