<?xml version="1.0" encoding="utf-8"?>
<Project ToolsVersion="15.0" xmlns="http://schemas.microsoft.com/developer/msbuild/2003">
  <ItemGroup>
    <CustomBuild Include="D:\Based Subject\Gameloft Internship\Project\BloodyPenguins\win32-build\CMakeFiles\130d06ed6cf7dc1220e7c2e9454b829b\SYNC_RESOURCE-BloodyPenguins.rule">
      <Filter>CMake Rules</Filter>
    </CustomBuild>
    <CustomBuild Include="D:\Based Subject\Gameloft Internship\Project\BloodyPenguins\CMakeLists.txt" />
  </ItemGroup>
  <ItemGroup>
    <None Include="D:\Based Subject\Gameloft Internship\Project\BloodyPenguins\win32-build\CMakeFiles\SYNC_RESOURCE-BloodyPenguins" />
  </ItemGroup>
  <ItemGroup>
    <Filter Include="CMake Rules">
      <UniqueIdentifier>{BA8FB001-3E7C-3F8C-8A3C-AC13C4C39903}</UniqueIdentifier>
    </Filter>
  </ItemGroup>
</Project>
